
Microsoft Visual Studio Solution File, Format Version 12.00
# Visual Studio Version 17
VisualStudioVersion = 17.3.32825.248
MinimumVisualStudioVersion = 10.0.40219.1
Project("{FAE04EC0-301F-11D3-BF4B-00C04F79EFBC}") = "MVVM_Implementacion_MSM_TIDSM4A.Android", "MVVM_Implementacion_MSM_TIDSM4A.Android\MVVM_Implementacion_MSM_TIDSM4A.Android.csproj", "{948EED8A-7363-425E-A9EE-E443BFF02F86}"
EndProject
Project("{FAE04EC0-301F-11D3-BF4B-00C04F79EFBC}") = "MVVM_Implementacion_MSM_TIDSM4A.iOS", "MVVM_Implementacion_MSM_TIDSM4A.iOS\MVVM_Implementacion_MSM_TIDSM4A.iOS.csproj", "{67C772E4-CCB1-4BDA-9154-0F18CA93DF95}"
EndProject
Project("{FAE04EC0-301F-11D3-BF4B-00C04F79EFBC}") = "MVVM_Implementacion_MSM_TIDSM4A", "MVVM_Implementacion_MSM_TIDSM4A\MVVM_Implementacion_MSM_TIDSM4A.csproj", "{8858560D-DC38-4CEE-BE5B-3F1AA166D0E2}"
EndProject
Global
	GlobalSection(SolutionConfigurationPlatforms) = preSolution
		Debug|Any CPU = Debug|Any CPU
		Debug|iPhone = Debug|iPhone
		Debug|iPhoneSimulator = Debug|iPhoneSimulator
		Release|Any CPU = Release|Any CPU
		Release|iPhone = Release|iPhone
		Release|iPhoneSimulator = Release|iPhoneSimulator
	EndGlobalSection
	GlobalSection(ProjectConfigurationPlatforms) = postSolution
		{948EED8A-7363-425E-A9EE-E443BFF02F86}.Debug|Any CPU.ActiveCfg = Debug|Any CPU
		{948EED8A-7363-425E-A9EE-E443BFF02F86}.Debug|Any CPU.Build.0 = Debug|Any CPU
		{948EED8A-7363-425E-A9EE-E443BFF02F86}.Debug|Any CPU.Deploy.0 = Debug|Any CPU
		{948EED8A-7363-425E-A9EE-E443BFF02F86}.Debug|iPhone.ActiveCfg = Debug|Any CPU
		{948EED8A-7363-425E-A9EE-E443BFF02F86}.Debug|iPhone.Build.0 = Debug|Any CPU
		{948EED8A-7363-425E-A9EE-E443BFF02F86}.Debug|iPhone.Deploy.0 = Debug|Any CPU
		{948EED8A-7363-425E-A9EE-E443BFF02F86}.Debug|iPhoneSimulator.ActiveCfg = Debug|Any CPU
		{948EED8A-7363-425E-A9EE-E443BFF02F86}.Debug|iPhoneSimulator.Build.0 = Debug|Any CPU
		{948EED8A-7363-425E-A9EE-E443BFF02F86}.Debug|iPhoneSimulator.Deploy.0 = Debug|Any CPU
		{948EED8A-7363-425E-A9EE-E443BFF02F86}.Release|Any CPU.ActiveCfg = Release|Any CPU
		{948EED8A-7363-425E-A9EE-E443BFF02F86}.Release|Any CPU.Build.0 = Release|Any CPU
		{948EED8A-7363-425E-A9EE-E443BFF02F86}.Release|Any CPU.Deploy.0 = Release|Any CPU
		{948EED8A-7363-425E-A9EE-E443BFF02F86}.Release|iPhone.ActiveCfg = Release|Any CPU
		{948EED8A-7363-425E-A9EE-E443BFF02F86}.Release|iPhone.Build.0 = Release|Any CPU
		{948EED8A-7363-425E-A9EE-E443BFF02F86}.Release|iPhone.Deploy.0 = Release|Any CPU
		{948EED8A-7363-425E-A9EE-E443BFF02F86}.Release|iPhoneSimulator.ActiveCfg = Release|Any CPU
		{948EED8A-7363-425E-A9EE-E443BFF02F86}.Release|iPhoneSimulator.Build.0 = Release|Any CPU
		{948EED8A-7363-425E-A9EE-E443BFF02F86}.Release|iPhoneSimulator.Deploy.0 = Release|Any CPU
		{67C772E4-CCB1-4BDA-9154-0F18CA93DF95}.Debug|Any CPU.ActiveCfg = Debug|iPhone
		{67C772E4-CCB1-4BDA-9154-0F18CA93DF95}.Debug|Any CPU.Build.0 = Debug|iPhone
		{67C772E4-CCB1-4BDA-9154-0F18CA93DF95}.Debug|Any CPU.Deploy.0 = Debug|iPhone
		{67C772E4-CCB1-4BDA-9154-0F18CA93DF95}.Debug|iPhone.ActiveCfg = Debug|iPhone
		{67C772E4-CCB1-4BDA-9154-0F18CA93DF95}.Debug|iPhone.Build.0 = Debug|iPhone
		{67C772E4-CCB1-4BDA-9154-0F18CA93DF95}.Debug|iPhone.Deploy.0 = Debug|iPhone
		{67C772E4-CCB1-4BDA-9154-0F18CA93DF95}.Debug|iPhoneSimulator.ActiveCfg = Debug|iPhoneSimulator
		{67C772E4-CCB1-4BDA-9154-0F18CA93DF95}.Debug|iPhoneSimulator.Build.0 = Debug|iPhoneSimulator
		{67C772E4-CCB1-4BDA-9154-0F18CA93DF95}.Debug|iPhoneSimulator.Deploy.0 = Debug|iPhoneSimulator
		{67C772E4-CCB1-4BDA-9154-0F18CA93DF95}.Release|Any CPU.ActiveCfg = Release|iPhoneSimulator
		{67C772E4-CCB1-4BDA-9154-0F18CA93DF95}.Release|Any CPU.Build.0 = Release|iPhoneSimulator
		{67C772E4-CCB1-4BDA-9154-0F18CA93DF95}.Release|Any CPU.Deploy.0 = Release|iPhoneSimulator
		{67C772E4-CCB1-4BDA-9154-0F18CA93DF95}.Release|iPhone.ActiveCfg = Release|iPhone
		{67C772E4-CCB1-4BDA-9154-0F18CA93DF95}.Release|iPhone.Build.0 = Release|iPhone
		{67C772E4-CCB1-4BDA-9154-0F18CA93DF95}.Release|iPhone.Deploy.0 = Release|iPhone
		{67C772E4-CCB1-4BDA-9154-0F18CA93DF95}.Release|iPhoneSimulator.ActiveCfg = Release|iPhoneSimulator
		{67C772E4-CCB1-4BDA-9154-0F18CA93DF95}.Release|iPhoneSimulator.Build.0 = Release|iPhoneSimulator
		{67C772E4-CCB1-4BDA-9154-0F18CA93DF95}.Release|iPhoneSimulator.Deploy.0 = Release|iPhoneSimulator
		{8858560D-DC38-4CEE-BE5B-3F1AA166D0E2}.Debug|Any CPU.ActiveCfg = Debug|Any CPU
		{8858560D-DC38-4CEE-BE5B-3F1AA166D0E2}.Debug|Any CPU.Build.0 = Debug|Any CPU
		{8858560D-DC38-4CEE-BE5B-3F1AA166D0E2}.Debug|Any CPU.Deploy.0 = Debug|Any CPU
		{8858560D-DC38-4CEE-BE5B-3F1AA166D0E2}.Debug|iPhone.ActiveCfg = Debug|Any CPU
		{8858560D-DC38-4CEE-BE5B-3F1AA166D0E2}.Debug|iPhone.Build.0 = Debug|Any CPU
		{8858560D-DC38-4CEE-BE5B-3F1AA166D0E2}.Debug|iPhone.Deploy.0 = Debug|Any CPU
		{8858560D-DC38-4CEE-BE5B-3F1AA166D0E2}.Debug|iPhoneSimulator.ActiveCfg = Debug|Any CPU
		{8858560D-DC38-4CEE-BE5B-3F1AA166D0E2}.Debug|iPhoneSimulator.Build.0 = Debug|Any CPU
		{8858560D-DC38-4CEE-BE5B-3F1AA166D0E2}.Debug|iPhoneSimulator.Deploy.0 = Debug|Any CPU
		{8858560D-DC38-4CEE-BE5B-3F1AA166D0E2}.Release|Any CPU.ActiveCfg = Release|Any CPU
		{8858560D-DC38-4CEE-BE5B-3F1AA166D0E2}.Release|Any CPU.Build.0 = Release|Any CPU
		{8858560D-DC38-4CEE-BE5B-3F1AA166D0E2}.Release|Any CPU.Deploy.0 = Release|Any CPU
		{8858560D-DC38-4CEE-BE5B-3F1AA166D0E2}.Release|iPhone.ActiveCfg = Release|Any CPU
		{8858560D-DC38-4CEE-BE5B-3F1AA166D0E2}.Release|iPhone.Build.0 = Release|Any CPU
		{8858560D-DC38-4CEE-BE5B-3F1AA166D0E2}.Release|iPhone.Deploy.0 = Release|Any CPU
		{8858560D-DC38-4CEE-BE5B-3F1AA166D0E2}.Release|iPhoneSimulator.ActiveCfg = Release|Any CPU
		{8858560D-DC38-4CEE-BE5B-3F1AA166D0E2}.Release|iPhoneSimulator.Build.0 = Release|Any CPU
		{8858560D-DC38-4CEE-BE5B-3F1AA166D0E2}.Release|iPhoneSimulator.Deploy.0 = Release|Any CPU
	EndGlobalSection
	GlobalSection(SolutionProperties) = preSolution
		HideSolutionNode = FALSE
	EndGlobalSection
	GlobalSection(ExtensibilityGlobals) = postSolution
		SolutionGuid = {58DA861F-ECDE-4DD8-9173-3CA26CA6D99B}
	EndGlobalSection
EndGlobal
